
Microsoft Visual Studio Solution File, Format Version 11.00
# Visual Studio 2010
Project("{FAE04EC0-301F-11D3-BF4B-00C04F79EFBC}") = "FilesName", "FilesName\FilesName.csproj", "{48CF3915-187C-4AE5-AB88-A73CE1D2711B}"
EndProject
Global
	GlobalSection(SolutionConfigurationPlatforms) = preSolution
		Debug|Any CPU = Debug|Any CPU
		Release|Any CPU = Release|Any CPU
	EndGlobalSection
	GlobalSection(ProjectConfigurationPlatforms) = postSolution
		{48CF3915-187C-4AE5-AB88-A73CE1D2711B}.Debug|Any CPU.ActiveCfg = Debug|Any CPU
		{48CF3915-187C-4AE5-AB88-A73CE1D2711B}.Debug|Any CPU.Build.0 = Debug|Any CPU
		{48CF3915-187C-4AE5-AB88-A73CE1D2711B}.Release|Any CPU.ActiveCfg = Release|Any CPU
		{48CF3915-187C-4AE5-AB88-A73CE1D2711B}.Release|Any CPU.Build.0 = Release|Any CPU
	EndGlobalSection
	GlobalSection(SolutionProperties) = preSolution
		HideSolutionNode = FALSE
	EndGlobalSection
EndGlobal
