
Microsoft Visual Studio Solution File, Format Version 10.00
# Visual Studio 2008
Project("{FAE04EC0-301F-11D3-BF4B-00C04F79EFBC}") = "StudyMath", "StudyMath\StudyMath.csproj", "{20A37D35-91BE-4031-A7AA-A3DCA3AD358B}"
EndProject
Global
	GlobalSection(SolutionConfigurationPlatforms) = preSolution
		Debug|Any CPU = Debug|Any CPU
		Release|Any CPU = Release|Any CPU
	EndGlobalSection
	GlobalSection(ProjectConfigurationPlatforms) = postSolution
		{20A37D35-91BE-4031-A7AA-A3DCA3AD358B}.Debug|Any CPU.ActiveCfg = Debug|Any CPU
		{20A37D35-91BE-4031-A7AA-A3DCA3AD358B}.Debug|Any CPU.Build.0 = Debug|Any CPU
		{20A37D35-91BE-4031-A7AA-A3DCA3AD358B}.Release|Any CPU.ActiveCfg = Release|Any CPU
		{20A37D35-91BE-4031-A7AA-A3DCA3AD358B}.Release|Any CPU.Build.0 = Release|Any CPU
	EndGlobalSection
	GlobalSection(SolutionProperties) = preSolution
		HideSolutionNode = FALSE
	EndGlobalSection
EndGlobal
