
Microsoft Visual Studio Solution File, Format Version 11.00
# Visual Studio 2010
Project("{FAE04EC0-301F-11D3-BF4B-00C04F79EFBC}") = "PsychologicalTests", "PsychologicalTests\PsychologicalTests.csproj", "{1B87D6B6-DF4A-48A5-8A17-1ED0664C1246}"
EndProject
Project("{FAE04EC0-301F-11D3-BF4B-00C04F79EFBC}") = "TestResultMaker", "TestResultMaker\TestResultMaker.csproj", "{121A6C71-EE38-4C26-87A0-5918743F766A}"
EndProject
Project("{FAE04EC0-301F-11D3-BF4B-00C04F79EFBC}") = "PsychologicalTestsManager", "PsychologicalTestsManager\PsychologicalTestsManager.csproj", "{80727BE9-A3F0-4239-91AE-FE17D2E21066}"
EndProject
Global
	GlobalSection(SolutionConfigurationPlatforms) = preSolution
		Debug|Any CPU = Debug|Any CPU
		Debug|Mixed Platforms = Debug|Mixed Platforms
		Debug|x86 = Debug|x86
		Release|Any CPU = Release|Any CPU
		Release|Mixed Platforms = Release|Mixed Platforms
		Release|x86 = Release|x86
	EndGlobalSection
	GlobalSection(ProjectConfigurationPlatforms) = postSolution
		{1B87D6B6-DF4A-48A5-8A17-1ED0664C1246}.Debug|Any CPU.ActiveCfg = Debug|x86
		{1B87D6B6-DF4A-48A5-8A17-1ED0664C1246}.Debug|Mixed Platforms.ActiveCfg = Debug|x86
		{1B87D6B6-DF4A-48A5-8A17-1ED0664C1246}.Debug|Mixed Platforms.Build.0 = Debug|x86
		{1B87D6B6-DF4A-48A5-8A17-1ED0664C1246}.Debug|x86.ActiveCfg = Debug|x86
		{1B87D6B6-DF4A-48A5-8A17-1ED0664C1246}.Debug|x86.Build.0 = Debug|x86
		{1B87D6B6-DF4A-48A5-8A17-1ED0664C1246}.Release|Any CPU.ActiveCfg = Release|x86
		{1B87D6B6-DF4A-48A5-8A17-1ED0664C1246}.Release|Mixed Platforms.ActiveCfg = Release|x86
		{1B87D6B6-DF4A-48A5-8A17-1ED0664C1246}.Release|Mixed Platforms.Build.0 = Release|x86
		{1B87D6B6-DF4A-48A5-8A17-1ED0664C1246}.Release|x86.ActiveCfg = Release|x86
		{1B87D6B6-DF4A-48A5-8A17-1ED0664C1246}.Release|x86.Build.0 = Release|x86
		{121A6C71-EE38-4C26-87A0-5918743F766A}.Debug|Any CPU.ActiveCfg = Debug|Any CPU
		{121A6C71-EE38-4C26-87A0-5918743F766A}.Debug|Any CPU.Build.0 = Debug|Any CPU
		{121A6C71-EE38-4C26-87A0-5918743F766A}.Debug|Mixed Platforms.ActiveCfg = Debug|Any CPU
		{121A6C71-EE38-4C26-87A0-5918743F766A}.Debug|Mixed Platforms.Build.0 = Debug|Any CPU
		{121A6C71-EE38-4C26-87A0-5918743F766A}.Debug|x86.ActiveCfg = Debug|Any CPU
		{121A6C71-EE38-4C26-87A0-5918743F766A}.Release|Any CPU.ActiveCfg = Release|Any CPU
		{121A6C71-EE38-4C26-87A0-5918743F766A}.Release|Any CPU.Build.0 = Release|Any CPU
		{121A6C71-EE38-4C26-87A0-5918743F766A}.Release|Mixed Platforms.ActiveCfg = Release|Any CPU
		{121A6C71-EE38-4C26-87A0-5918743F766A}.Release|Mixed Platforms.Build.0 = Release|Any CPU
		{121A6C71-EE38-4C26-87A0-5918743F766A}.Release|x86.ActiveCfg = Release|Any CPU
		{80727BE9-A3F0-4239-91AE-FE17D2E21066}.Debug|Any CPU.ActiveCfg = Debug|x86
		{80727BE9-A3F0-4239-91AE-FE17D2E21066}.Debug|Mixed Platforms.ActiveCfg = Debug|x86
		{80727BE9-A3F0-4239-91AE-FE17D2E21066}.Debug|Mixed Platforms.Build.0 = Debug|x86
		{80727BE9-A3F0-4239-91AE-FE17D2E21066}.Debug|x86.ActiveCfg = Debug|x86
		{80727BE9-A3F0-4239-91AE-FE17D2E21066}.Debug|x86.Build.0 = Debug|x86
		{80727BE9-A3F0-4239-91AE-FE17D2E21066}.Release|Any CPU.ActiveCfg = Release|x86
		{80727BE9-A3F0-4239-91AE-FE17D2E21066}.Release|Mixed Platforms.ActiveCfg = Release|x86
		{80727BE9-A3F0-4239-91AE-FE17D2E21066}.Release|Mixed Platforms.Build.0 = Release|x86
		{80727BE9-A3F0-4239-91AE-FE17D2E21066}.Release|x86.ActiveCfg = Release|x86
		{80727BE9-A3F0-4239-91AE-FE17D2E21066}.Release|x86.Build.0 = Release|x86
	EndGlobalSection
	GlobalSection(SolutionProperties) = preSolution
		HideSolutionNode = FALSE
	EndGlobalSection
EndGlobal
