
Microsoft Visual Studio Solution File, Format Version 10.00
# Visual Studio 2008
Project("{FAE04EC0-301F-11D3-BF4B-00C04F79EFBC}") = "UpdateDatabase", "UpdateDatabase.csproj", "{B230EB8D-A9E0-42CD-9F91-BECB99B1567C}"
EndProject
Global
	GlobalSection(TeamFoundationVersionControl) = preSolution
		SccNumberOfProjects = 1
		SccEnterpriseProvider = {4CA58AB2-18FA-4F8D-95D4-32DDF27D184C}
		SccTeamFoundationServer = http://fi-osl-tfs:8080/
		SccProjectUniqueName0 = UpdateDatabase.csproj
		SccProjectName0 = .
		SccAuxPath0 = http://fi-osl-tfs:8080
		SccLocalPath0 = .
		SccProvider0 = {4CA58AB2-18FA-4F8D-95D4-32DDF27D184C}
	EndGlobalSection
	GlobalSection(SolutionConfigurationPlatforms) = preSolution
		Debug|Any CPU = Debug|Any CPU
		Release|Any CPU = Release|Any CPU
	EndGlobalSection
	GlobalSection(ProjectConfigurationPlatforms) = postSolution
		{B230EB8D-A9E0-42CD-9F91-BECB99B1567C}.Debug|Any CPU.ActiveCfg = Debug|Any CPU
		{B230EB8D-A9E0-42CD-9F91-BECB99B1567C}.Debug|Any CPU.Build.0 = Debug|Any CPU
		{B230EB8D-A9E0-42CD-9F91-BECB99B1567C}.Release|Any CPU.ActiveCfg = Release|Any CPU
		{B230EB8D-A9E0-42CD-9F91-BECB99B1567C}.Release|Any CPU.Build.0 = Release|Any CPU
	EndGlobalSection
	GlobalSection(SolutionProperties) = preSolution
		HideSolutionNode = FALSE
	EndGlobalSection
EndGlobal
